# This file is generated by running "yarn install" inside your project.
# Manual changes might be lost - proceed with caution!

__metadata:
  version: 8
  cacheKey: 10c0

"@app/server@workspace:packages/server":
  version: 0.0.0-use.local
  resolution: "@app/server@workspace:packages/server"
  dependencies:
    esbuild: "npm:^0.20.0"
    shared: "workspace:*"
    ts-pattern: "npm:^5.0.6"
    typescript: "npm:^5.3.3"
    zod: "npm:^3.22.4"
  languageName: unknown
  linkType: soft

"@esbuild/aix-ppc64@npm:0.20.0":
  version: 0.20.0
  resolution: "@esbuild/aix-ppc64@npm:0.20.0"
  conditions: os=aix & cpu=ppc64
  languageName: node
  linkType: hard

"@esbuild/android-arm64@npm:0.20.0":
  version: 0.20.0
  resolution: "@esbuild/android-arm64@npm:0.20.0"
  conditions: os=android & cpu=arm64
  languageName: node
  linkType: hard

"@esbuild/android-arm@npm:0.20.0":
  version: 0.20.0
  resolution: "@esbuild/android-arm@npm:0.20.0"
  conditions: os=android & cpu=arm
  languageName: node
  linkType: hard

"@esbuild/android-x64@npm:0.20.0":
  version: 0.20.0
  resolution: "@esbuild/android-x64@npm:0.20.0"
  conditions: os=android & cpu=x64
  languageName: node
  linkType: hard

"@esbuild/darwin-arm64@npm:0.20.0":
  version: 0.20.0
  resolution: "@esbuild/darwin-arm64@npm:0.20.0"
  conditions: os=darwin & cpu=arm64
  languageName: node
  linkType: hard

"@esbuild/darwin-x64@npm:0.20.0":
  version: 0.20.0
  resolution: "@esbuild/darwin-x64@npm:0.20.0"
  conditions: os=darwin & cpu=x64
  languageName: node
  linkType: hard

"@esbuild/freebsd-arm64@npm:0.20.0":
  version: 0.20.0
  resolution: "@esbuild/freebsd-arm64@npm:0.20.0"
  conditions: os=freebsd & cpu=arm64
  languageName: node
  linkType: hard

"@esbuild/freebsd-x64@npm:0.20.0":
  version: 0.20.0
  resolution: "@esbuild/freebsd-x64@npm:0.20.0"
  conditions: os=freebsd & cpu=x64
  languageName: node
  linkType: hard

"@esbuild/linux-arm64@npm:0.20.0":
  version: 0.20.0
  resolution: "@esbuild/linux-arm64@npm:0.20.0"
  conditions: os=linux & cpu=arm64
  languageName: node
  linkType: hard

"@esbuild/linux-arm@npm:0.20.0":
  version: 0.20.0
  resolution: "@esbuild/linux-arm@npm:0.20.0"
  conditions: os=linux & cpu=arm
  languageName: node
  linkType: hard

"@esbuild/linux-ia32@npm:0.20.0":
  version: 0.20.0
  resolution: "@esbuild/linux-ia32@npm:0.20.0"
  conditions: os=linux & cpu=ia32
  languageName: node
  linkType: hard

"@esbuild/linux-loong64@npm:0.20.0":
  version: 0.20.0
  resolution: "@esbuild/linux-loong64@npm:0.20.0"
  conditions: os=linux & cpu=loong64
  languageName: node
  linkType: hard

"@esbuild/linux-mips64el@npm:0.20.0":
  version: 0.20.0
  resolution: "@esbuild/linux-mips64el@npm:0.20.0"
  conditions: os=linux & cpu=mips64el
  languageName: node
  linkType: hard

"@esbuild/linux-ppc64@npm:0.20.0":
  version: 0.20.0
  resolution: "@esbuild/linux-ppc64@npm:0.20.0"
  conditions: os=linux & cpu=ppc64
  languageName: node
  linkType: hard

"@esbuild/linux-riscv64@npm:0.20.0":
  version: 0.20.0
  resolution: "@esbuild/linux-riscv64@npm:0.20.0"
  conditions: os=linux & cpu=riscv64
  languageName: node
  linkType: hard

"@esbuild/linux-s390x@npm:0.20.0":
  version: 0.20.0
  resolution: "@esbuild/linux-s390x@npm:0.20.0"
  conditions: os=linux & cpu=s390x
  languageName: node
  linkType: hard

"@esbuild/linux-x64@npm:0.20.0":
  version: 0.20.0
  resolution: "@esbuild/linux-x64@npm:0.20.0"
  conditions: os=linux & cpu=x64
  languageName: node
  linkType: hard

"@esbuild/netbsd-x64@npm:0.20.0":
  version: 0.20.0
  resolution: "@esbuild/netbsd-x64@npm:0.20.0"
  conditions: os=netbsd & cpu=x64
  languageName: node
  linkType: hard

"@esbuild/openbsd-x64@npm:0.20.0":
  version: 0.20.0
  resolution: "@esbuild/openbsd-x64@npm:0.20.0"
  conditions: os=openbsd & cpu=x64
  languageName: node
  linkType: hard

"@esbuild/sunos-x64@npm:0.20.0":
  version: 0.20.0
  resolution: "@esbuild/sunos-x64@npm:0.20.0"
  conditions: os=sunos & cpu=x64
  languageName: node
  linkType: hard

"@esbuild/win32-arm64@npm:0.20.0":
  version: 0.20.0
  resolution: "@esbuild/win32-arm64@npm:0.20.0"
  conditions: os=win32 & cpu=arm64
  languageName: node
  linkType: hard

"@esbuild/win32-ia32@npm:0.20.0":
  version: 0.20.0
  resolution: "@esbuild/win32-ia32@npm:0.20.0"
  conditions: os=win32 & cpu=ia32
  languageName: node
  linkType: hard

"@esbuild/win32-x64@npm:0.20.0":
  version: 0.20.0
  resolution: "@esbuild/win32-x64@npm:0.20.0"
  conditions: os=win32 & cpu=x64
  languageName: node
  linkType: hard

"esbuild@npm:^0.20.0":
  version: 0.20.0
  resolution: "esbuild@npm:0.20.0"
  dependencies:
    "@esbuild/aix-ppc64": "npm:0.20.0"
    "@esbuild/android-arm": "npm:0.20.0"
    "@esbuild/android-arm64": "npm:0.20.0"
    "@esbuild/android-x64": "npm:0.20.0"
    "@esbuild/darwin-arm64": "npm:0.20.0"
    "@esbuild/darwin-x64": "npm:0.20.0"
    "@esbuild/freebsd-arm64": "npm:0.20.0"
    "@esbuild/freebsd-x64": "npm:0.20.0"
    "@esbuild/linux-arm": "npm:0.20.0"
    "@esbuild/linux-arm64": "npm:0.20.0"
    "@esbuild/linux-ia32": "npm:0.20.0"
    "@esbuild/linux-loong64": "npm:0.20.0"
    "@esbuild/linux-mips64el": "npm:0.20.0"
    "@esbuild/linux-ppc64": "npm:0.20.0"
    "@esbuild/linux-riscv64": "npm:0.20.0"
    "@esbuild/linux-s390x": "npm:0.20.0"
    "@esbuild/linux-x64": "npm:0.20.0"
    "@esbuild/netbsd-x64": "npm:0.20.0"
    "@esbuild/openbsd-x64": "npm:0.20.0"
    "@esbuild/sunos-x64": "npm:0.20.0"
    "@esbuild/win32-arm64": "npm:0.20.0"
    "@esbuild/win32-ia32": "npm:0.20.0"
    "@esbuild/win32-x64": "npm:0.20.0"
  dependenciesMeta:
    "@esbuild/aix-ppc64":
      optional: true
    "@esbuild/android-arm":
      optional: true
    "@esbuild/android-arm64":
      optional: true
    "@esbuild/android-x64":
      optional: true
    "@esbuild/darwin-arm64":
      optional: true
    "@esbuild/darwin-x64":
      optional: true
    "@esbuild/freebsd-arm64":
      optional: true
    "@esbuild/freebsd-x64":
      optional: true
    "@esbuild/linux-arm":
      optional: true
    "@esbuild/linux-arm64":
      optional: true
    "@esbuild/linux-ia32":
      optional: true
    "@esbuild/linux-loong64":
      optional: true
    "@esbuild/linux-mips64el":
      optional: true
    "@esbuild/linux-ppc64":
      optional: true
    "@esbuild/linux-riscv64":
      optional: true
    "@esbuild/linux-s390x":
      optional: true
    "@esbuild/linux-x64":
      optional: true
    "@esbuild/netbsd-x64":
      optional: true
    "@esbuild/openbsd-x64":
      optional: true
    "@esbuild/sunos-x64":
      optional: true
    "@esbuild/win32-arm64":
      optional: true
    "@esbuild/win32-ia32":
      optional: true
    "@esbuild/win32-x64":
      optional: true
  bin:
    esbuild: bin/esbuild
  checksum: 10c0/355f13fe91110155404b12b4e0eeb840aceddffb609e63ebd03bf039b9576db791d51fcd22992b155ad9249bcd9cab838e34577770cff974ecf1d245dcb1b16e
  languageName: node
  linkType: hard

"shared@workspace:*, shared@workspace:packages/shared":
  version: 0.0.0-use.local
  resolution: "shared@workspace:packages/shared"
  dependencies:
    typescript: "npm:^5.3.3"
  languageName: unknown
  linkType: soft

"ts-pattern@npm:^5.0.6":
  version: 5.0.6
  resolution: "ts-pattern@npm:5.0.6"
  checksum: 10c0/723cab89529fdbfc7c5ec81cc41529aa259bc92bc05a9b89f2a99e9bcdbfcbebcc42f0cb6ef5935028bac44f0601e4c4728fec0a98b1a129d5ad6345828a8d01
  languageName: node
  linkType: hard

"typescript@npm:^5.3.3":
  version: 5.3.3
  resolution: "typescript@npm:5.3.3"
  bin:
    tsc: bin/tsc
    tsserver: bin/tsserver
  checksum: 10c0/e33cef99d82573624fc0f854a2980322714986bc35b9cb4d1ce736ed182aeab78e2cb32b385efa493b2a976ef52c53e20d6c6918312353a91850e2b76f1ea44f
  languageName: node
  linkType: hard

"typescript@patch:typescript@npm%3A^5.3.3#optional!builtin<compat/typescript>":
  version: 5.3.3
  resolution: "typescript@patch:typescript@npm%3A5.3.3#optional!builtin<compat/typescript>::version=5.3.3&hash=e012d7"
  bin:
    tsc: bin/tsc
    tsserver: bin/tsserver
  checksum: 10c0/1d0a5f4ce496c42caa9a30e659c467c5686eae15d54b027ee7866744952547f1be1262f2d40de911618c242b510029d51d43ff605dba8fb740ec85ca2d3f9500
  languageName: node
  linkType: hard

"yarn-playground@workspace:.":
  version: 0.0.0-use.local
  resolution: "yarn-playground@workspace:."
  dependencies:
    typescript: "npm:^5.3.3"
  languageName: unknown
  linkType: soft

"zod@npm:^3.22.4":
  version: 3.22.4
  resolution: "zod@npm:3.22.4"
  checksum: 10c0/7578ab283dac0eee66a0ad0fc4a7f28c43e6745aadb3a529f59a4b851aa10872b3890398b3160f257f4b6817b4ce643debdda4fb21a2c040adda7862cab0a587
  languageName: node
  linkType: hard
